{
  "name": "@frontity/core",
  "version": "0.2.0",
  "lockfileVersion": 1,
  "requires": true,
  "dependencies": {
    "betsy": {
      "version": "1.0.2",
      "resolved": "https://registry.npmjs.org/betsy/-/betsy-1.0.2.tgz",
      "integrity": "sha512-yt/OUTbSeCRj4uwbDnjTbnWgrLsgBl1nzJLdZH2eOtrf3SDH7svdoTMWOvTFhUdIM86pY6k21o/4SCIT6RYjig==",
      "requires": {
        "@types/node": "^10.5.1",
        "tslib": "^1.9.3"
      },
      "dependencies": {
        "@types/node": {
          "version": "10.14.5",
          "resolved": "https://registry.npmjs.org/@types/node/-/node-10.14.5.tgz",
          "integrity": "sha512-Ja7d4s0qyGFxjGeDq5S7Si25OFibSAHUi6i17UWnwNnpitADN7hah9q0Tl25gxuV5R1u2Bx+np6w4LHXfHyj/g=="
        }
      }
    },
    "is-plain-obj": {
      "version": "1.1.0",
      "resolved": "https://registry.npmjs.org/is-plain-obj/-/is-plain-obj-1.1.0.tgz",
      "integrity": "sha1-caUMhCnfync8kqOQpKA7OfzVHT4="
    },
    "overmind": {
      "version": "17.1.0",
      "resolved": "https://registry.npmjs.org/overmind/-/overmind-17.1.0.tgz",
      "integrity": "sha512-5fbzc960slsNidfJjn8u8bgogPYNg7qHk2HMwTwagA5/airV+0ooKpIyE2flgHvNfV7xJr8lNbCO7tqU99sHSQ==",
      "requires": {
        "@types/node": "^10.5.1",
        "betsy": "1.0.2",
        "is-plain-obj": "^1.1.0",
        "proxy-state-tree": "4.3.0",
        "tslib": "^1.9.3"
      },
      "dependencies": {
        "@types/node": {
          "version": "10.14.5",
          "resolved": "https://registry.npmjs.org/@types/node/-/node-10.14.5.tgz",
          "integrity": "sha512-Ja7d4s0qyGFxjGeDq5S7Si25OFibSAHUi6i17UWnwNnpitADN7hah9q0Tl25gxuV5R1u2Bx+np6w4LHXfHyj/g=="
        }
      }
    },
    "proxy-state-tree": {
      "version": "4.3.0",
      "resolved": "https://registry.npmjs.org/proxy-state-tree/-/proxy-state-tree-4.3.0.tgz",
      "integrity": "sha512-z46Qt0IL6Ifne0TUS0mo6kA6bN075aAR96g+7mEETiLyO2OXUs61JV2tE10keivt4gqxDelk1JSBcfMjQawrvg==",
      "requires": {
        "is-plain-obj": "^1.1.0"
      }
    },
    "tslib": {
      "version": "1.9.3",
      "resolved": "https://registry.npmjs.org/tslib/-/tslib-1.9.3.tgz",
      "integrity": "sha512-4krF8scpejhaOgqzBEcGM7yDIEfi0/8+8zDRZhNZZ2kjmHJ4hv3zCbQWxoJGz1iw5U0Jl0nma13xzHXcncMavQ=="
    }
  }
}
